
Microsoft Visual Studio Solution File, Format Version 12.00
Project("{FAE04EC0-301F-11D3-BF4B-00C04F79EFBC}") = "RestAnimal", "RestAnimal\RestAnimal.csproj", "{F58E014C-EA44-471E-8E9E-B075C842925C}"
EndProject
Global
	GlobalSection(SolutionConfigurationPlatforms) = preSolution
		Debug|Any CPU = Debug|Any CPU
		Release|Any CPU = Release|Any CPU
	EndGlobalSection
	GlobalSection(ProjectConfigurationPlatforms) = postSolution
		{F58E014C-EA44-471E-8E9E-B075C842925C}.Debug|Any CPU.ActiveCfg = Debug|Any CPU
		{F58E014C-EA44-471E-8E9E-B075C842925C}.Debug|Any CPU.Build.0 = Debug|Any CPU
		{F58E014C-EA44-471E-8E9E-B075C842925C}.Release|Any CPU.ActiveCfg = Release|Any CPU
		{F58E014C-EA44-471E-8E9E-B075C842925C}.Release|Any CPU.Build.0 = Release|Any CPU
	EndGlobalSection
EndGlobal
